
Microsoft Visual Studio Solution File, Format Version 12.00
# Visual Studio Version 17
VisualStudioVersion = 17.5.33516.290
MinimumVisualStudioVersion = 10.0.40219.1
Project("{FAE04EC0-301F-11D3-BF4B-00C04F79EFBC}") = "GrandUnifiedEngine", "GrandUnifiedEngine.csproj", "{98537571-96F9-4337-9525-9B03B1EDF282}"
EndProject
Global
	GlobalSection(SolutionConfigurationPlatforms) = preSolution
		Debug|Any CPU = Debug|Any CPU
		Release|Any CPU = Release|Any CPU
	EndGlobalSection
	GlobalSection(ProjectConfigurationPlatforms) = postSolution
		{98537571-96F9-4337-9525-9B03B1EDF282}.Debug|Any CPU.ActiveCfg = Debug|Any CPU
		{98537571-96F9-4337-9525-9B03B1EDF282}.Debug|Any CPU.Build.0 = Debug|Any CPU
		{98537571-96F9-4337-9525-9B03B1EDF282}.Release|Any CPU.ActiveCfg = Release|Any CPU
		{98537571-96F9-4337-9525-9B03B1EDF282}.Release|Any CPU.Build.0 = Release|Any CPU
	EndGlobalSection
	GlobalSection(SolutionProperties) = preSolution
		HideSolutionNode = FALSE
	EndGlobalSection
	GlobalSection(ExtensibilityGlobals) = postSolution
		SolutionGuid = {058C6C76-00D6-415B-A044-9129D48B4DD1}
	EndGlobalSection
EndGlobal
